
Microsoft Visual Studio Solution File, Format Version 12.00
# Visual Studio Version 17
VisualStudioVersion = 17.5.33516.290
MinimumVisualStudioVersion = 10.0.40219.1
Project("{9A19103F-16F7-4668-BE54-9A1E7A4F7556}") = "LibraryApi", "LibraryApi\LibraryApi.csproj", "{C3347B94-94C8-47DD-97C9-31FC54A38873}"
EndProject
Project("{9A19103F-16F7-4668-BE54-9A1E7A4F7556}") = "LibraryApi.Test", "LibraryApi.Test\LibraryApi.Test.csproj", "{35AADDE8-6C83-40F8-80A9-77B94D3789A5}"
EndProject
Project("{FAE04EC0-301F-11D3-BF4B-00C04F79EFBC}") = "LibraryApi.Contracts", "LibraryApi.Contracts\LibraryApi.Contracts.csproj", "{07AE6777-5188-4AE5-95BF-8536B569702E}"
EndProject
Global
	GlobalSection(SolutionConfigurationPlatforms) = preSolution
		Debug|Any CPU = Debug|Any CPU
		Release|Any CPU = Release|Any CPU
	EndGlobalSection
	GlobalSection(ProjectConfigurationPlatforms) = postSolution
		{C3347B94-94C8-47DD-97C9-31FC54A38873}.Debug|Any CPU.ActiveCfg = Debug|Any CPU
		{C3347B94-94C8-47DD-97C9-31FC54A38873}.Debug|Any CPU.Build.0 = Debug|Any CPU
		{C3347B94-94C8-47DD-97C9-31FC54A38873}.Release|Any CPU.ActiveCfg = Release|Any CPU
		{C3347B94-94C8-47DD-97C9-31FC54A38873}.Release|Any CPU.Build.0 = Release|Any CPU
		{35AADDE8-6C83-40F8-80A9-77B94D3789A5}.Debug|Any CPU.ActiveCfg = Debug|Any CPU
		{35AADDE8-6C83-40F8-80A9-77B94D3789A5}.Debug|Any CPU.Build.0 = Debug|Any CPU
		{35AADDE8-6C83-40F8-80A9-77B94D3789A5}.Release|Any CPU.ActiveCfg = Release|Any CPU
		{35AADDE8-6C83-40F8-80A9-77B94D3789A5}.Release|Any CPU.Build.0 = Release|Any CPU
		{07AE6777-5188-4AE5-95BF-8536B569702E}.Debug|Any CPU.ActiveCfg = Debug|Any CPU
		{07AE6777-5188-4AE5-95BF-8536B569702E}.Debug|Any CPU.Build.0 = Debug|Any CPU
		{07AE6777-5188-4AE5-95BF-8536B569702E}.Release|Any CPU.ActiveCfg = Release|Any CPU
		{07AE6777-5188-4AE5-95BF-8536B569702E}.Release|Any CPU.Build.0 = Release|Any CPU
	EndGlobalSection
	GlobalSection(SolutionProperties) = preSolution
		HideSolutionNode = FALSE
	EndGlobalSection
EndGlobal
